
Microsoft Visual Studio Solution File, Format Version 12.00
# Visual Studio Version 17
VisualStudioVersion = 17.9.34728.123
MinimumVisualStudioVersion = 10.0.40219.1
Project("{FAE04EC0-301F-11D3-BF4B-00C04F79EFBC}") = "FeatureFlagsDemo", "FeatureFlagsDemo\FeatureFlagsDemo.csproj", "{11621894-AF9A-4BF3-ABE5-40E6F99EB01C}"
EndProject
Global
	GlobalSection(SolutionConfigurationPlatforms) = preSolution
		Debug|Any CPU = Debug|Any CPU
		Release|Any CPU = Release|Any CPU
	EndGlobalSection
	GlobalSection(ProjectConfigurationPlatforms) = postSolution
		{11621894-AF9A-4BF3-ABE5-40E6F99EB01C}.Debug|Any CPU.ActiveCfg = Debug|Any CPU
		{11621894-AF9A-4BF3-ABE5-40E6F99EB01C}.Debug|Any CPU.Build.0 = Debug|Any CPU
		{11621894-AF9A-4BF3-ABE5-40E6F99EB01C}.Release|Any CPU.ActiveCfg = Release|Any CPU
		{11621894-AF9A-4BF3-ABE5-40E6F99EB01C}.Release|Any CPU.Build.0 = Release|Any CPU
	EndGlobalSection
	GlobalSection(SolutionProperties) = preSolution
		HideSolutionNode = FALSE
	EndGlobalSection
	GlobalSection(ExtensibilityGlobals) = postSolution
		SolutionGuid = {4B1F3D22-0F07-4A17-A5AF-22543E77B011}
	EndGlobalSection
EndGlobal
